
Microsoft Visual Studio Solution File, Format Version 12.00
# Visual Studio Version 17
VisualStudioVersion = 17.3.32929.385
MinimumVisualStudioVersion = 10.0.40219.1
Project("{FAE04EC0-301F-11D3-BF4B-00C04F79EFBC}") = "XXPro.UI", "XXPro.UI\XXPro.UI.csproj", "{6FCA0CBB-A84E-4D20-8189-D8318E585ED7}"
EndProject
Project("{FAE04EC0-301F-11D3-BF4B-00C04F79EFBC}") = "XXPro.ClassLibrary1", "XXPro.ClassLibrary1\XXPro.ClassLibrary1.csproj", "{04AFDF6B-EA3A-4B5A-B6CD-92A8E05956F8}"
EndProject
Project("{FAE04EC0-301F-11D3-BF4B-00C04F79EFBC}") = "CS06Block", "CS06Block\CS06Block.csproj", "{3C89ACEA-986D-4791-817D-ABE26778D678}"
EndProject
Project("{FAE04EC0-301F-11D3-BF4B-00C04F79EFBC}") = "CS07VariableConstant", "CS07VariableConstant\CS07VariableConstant.csproj", "{64CDD6A6-2B66-4161-BC83-2DAE48F0EC79}"
EndProject
Global
	GlobalSection(SolutionConfigurationPlatforms) = preSolution
		Debug|Any CPU = Debug|Any CPU
		Release|Any CPU = Release|Any CPU
	EndGlobalSection
	GlobalSection(ProjectConfigurationPlatforms) = postSolution
		{6FCA0CBB-A84E-4D20-8189-D8318E585ED7}.Debug|Any CPU.ActiveCfg = Debug|Any CPU
		{6FCA0CBB-A84E-4D20-8189-D8318E585ED7}.Debug|Any CPU.Build.0 = Debug|Any CPU
		{6FCA0CBB-A84E-4D20-8189-D8318E585ED7}.Release|Any CPU.ActiveCfg = Release|Any CPU
		{6FCA0CBB-A84E-4D20-8189-D8318E585ED7}.Release|Any CPU.Build.0 = Release|Any CPU
		{04AFDF6B-EA3A-4B5A-B6CD-92A8E05956F8}.Debug|Any CPU.ActiveCfg = Debug|Any CPU
		{04AFDF6B-EA3A-4B5A-B6CD-92A8E05956F8}.Debug|Any CPU.Build.0 = Debug|Any CPU
		{04AFDF6B-EA3A-4B5A-B6CD-92A8E05956F8}.Release|Any CPU.ActiveCfg = Release|Any CPU
		{04AFDF6B-EA3A-4B5A-B6CD-92A8E05956F8}.Release|Any CPU.Build.0 = Release|Any CPU
		{3C89ACEA-986D-4791-817D-ABE26778D678}.Debug|Any CPU.ActiveCfg = Debug|Any CPU
		{3C89ACEA-986D-4791-817D-ABE26778D678}.Debug|Any CPU.Build.0 = Debug|Any CPU
		{3C89ACEA-986D-4791-817D-ABE26778D678}.Release|Any CPU.ActiveCfg = Release|Any CPU
		{3C89ACEA-986D-4791-817D-ABE26778D678}.Release|Any CPU.Build.0 = Release|Any CPU
		{64CDD6A6-2B66-4161-BC83-2DAE48F0EC79}.Debug|Any CPU.ActiveCfg = Debug|Any CPU
		{64CDD6A6-2B66-4161-BC83-2DAE48F0EC79}.Debug|Any CPU.Build.0 = Debug|Any CPU
		{64CDD6A6-2B66-4161-BC83-2DAE48F0EC79}.Release|Any CPU.ActiveCfg = Release|Any CPU
		{64CDD6A6-2B66-4161-BC83-2DAE48F0EC79}.Release|Any CPU.Build.0 = Release|Any CPU
	EndGlobalSection
	GlobalSection(SolutionProperties) = preSolution
		HideSolutionNode = FALSE
	EndGlobalSection
	GlobalSection(ExtensibilityGlobals) = postSolution
		SolutionGuid = {18D883C0-803B-43CE-B469-34CB36222227}
	EndGlobalSection
EndGlobal
