
Microsoft Visual Studio Solution File, Format Version 12.00
# Visual Studio Version 17
VisualStudioVersion = 17.3.32929.385
MinimumVisualStudioVersion = 10.0.40219.1
Project("{FAE04EC0-301F-11D3-BF4B-00C04F79EFBC}") = "XXPro.UI", "XXPro.UI\XXPro.UI.csproj", "{6FCA0CBB-A84E-4D20-8189-D8318E585ED7}"
EndProject
Project("{FAE04EC0-301F-11D3-BF4B-00C04F79EFBC}") = "XXPro.ClassLibrary1", "XXPro.ClassLibrary1\XXPro.ClassLibrary1.csproj", "{04AFDF6B-EA3A-4B5A-B6CD-92A8E05956F8}"
EndProject
Project("{FAE04EC0-301F-11D3-BF4B-00C04F79EFBC}") = "CS06Block", "CS06Block\CS06Block.csproj", "{3C89ACEA-986D-4791-817D-ABE26778D678}"
EndProject
Project("{FAE04EC0-301F-11D3-BF4B-00C04F79EFBC}") = "CS07VariableConstant", "CS07VariableConstant\CS07VariableConstant.csproj", "{64CDD6A6-2B66-4161-BC83-2DAE48F0EC79}"
EndProject
Project("{FAE04EC0-301F-11D3-BF4B-00C04F79EFBC}") = "CS08DataType", "CS08DataType\CS08DataType.csproj", "{3A4964B5-814F-4A3E-A0B6-1DF85B6A8E6B}"
EndProject
Project("{FAE04EC0-301F-11D3-BF4B-00C04F79EFBC}") = "CS09ValueType_ReferenceType", "CS09ValueType_ReferenceType\CS09ValueType_ReferenceType.csproj", "{7F70CAF8-8570-44BE-A350-391D815F2876}"
EndProject
Project("{FAE04EC0-301F-11D3-BF4B-00C04F79EFBC}") = "CS10DataConversion", "CS10DataConversion\CS10DataConversion.csproj", "{2FF1316E-A797-4CC4-BB45-261DB32BBA8A}"
EndProject
Project("{FAE04EC0-301F-11D3-BF4B-00C04F79EFBC}") = "CS11Array", "CS11Array\CS11Array.csproj", "{ED0F7202-232A-44BE-B59A-EA92388A6E90}"
EndProject
Project("{FAE04EC0-301F-11D3-BF4B-00C04F79EFBC}") = "CS12List", "CS12List\CS12List.csproj", "{BA325819-089C-4AEB-8CC4-C15DA3312D0C}"
EndProject
Project("{FAE04EC0-301F-11D3-BF4B-00C04F79EFBC}") = "CS13Operator", "CS13Operator\CS13Operator.csproj", "{0C3E8C05-CFF1-4B75-B8F8-AA33DB2A332A}"
EndProject
Project("{FAE04EC0-301F-11D3-BF4B-00C04F79EFBC}") = "CS14IfSwitch", "CS14IfSwitch\CS14IfSwitch.csproj", "{58ED575D-1D1A-4212-8E66-FB7C1214F2FB}"
EndProject
Global
	GlobalSection(SolutionConfigurationPlatforms) = preSolution
		Debug|Any CPU = Debug|Any CPU
		Release|Any CPU = Release|Any CPU
	EndGlobalSection
	GlobalSection(ProjectConfigurationPlatforms) = postSolution
		{6FCA0CBB-A84E-4D20-8189-D8318E585ED7}.Debug|Any CPU.ActiveCfg = Debug|Any CPU
		{6FCA0CBB-A84E-4D20-8189-D8318E585ED7}.Debug|Any CPU.Build.0 = Debug|Any CPU
		{6FCA0CBB-A84E-4D20-8189-D8318E585ED7}.Release|Any CPU.ActiveCfg = Release|Any CPU
		{6FCA0CBB-A84E-4D20-8189-D8318E585ED7}.Release|Any CPU.Build.0 = Release|Any CPU
		{04AFDF6B-EA3A-4B5A-B6CD-92A8E05956F8}.Debug|Any CPU.ActiveCfg = Debug|Any CPU
		{04AFDF6B-EA3A-4B5A-B6CD-92A8E05956F8}.Debug|Any CPU.Build.0 = Debug|Any CPU
		{04AFDF6B-EA3A-4B5A-B6CD-92A8E05956F8}.Release|Any CPU.ActiveCfg = Release|Any CPU
		{04AFDF6B-EA3A-4B5A-B6CD-92A8E05956F8}.Release|Any CPU.Build.0 = Release|Any CPU
		{3C89ACEA-986D-4791-817D-ABE26778D678}.Debug|Any CPU.ActiveCfg = Debug|Any CPU
		{3C89ACEA-986D-4791-817D-ABE26778D678}.Debug|Any CPU.Build.0 = Debug|Any CPU
		{3C89ACEA-986D-4791-817D-ABE26778D678}.Release|Any CPU.ActiveCfg = Release|Any CPU
		{3C89ACEA-986D-4791-817D-ABE26778D678}.Release|Any CPU.Build.0 = Release|Any CPU
		{64CDD6A6-2B66-4161-BC83-2DAE48F0EC79}.Debug|Any CPU.ActiveCfg = Debug|Any CPU
		{64CDD6A6-2B66-4161-BC83-2DAE48F0EC79}.Debug|Any CPU.Build.0 = Debug|Any CPU
		{64CDD6A6-2B66-4161-BC83-2DAE48F0EC79}.Release|Any CPU.ActiveCfg = Release|Any CPU
		{64CDD6A6-2B66-4161-BC83-2DAE48F0EC79}.Release|Any CPU.Build.0 = Release|Any CPU
		{3A4964B5-814F-4A3E-A0B6-1DF85B6A8E6B}.Debug|Any CPU.ActiveCfg = Debug|Any CPU
		{3A4964B5-814F-4A3E-A0B6-1DF85B6A8E6B}.Debug|Any CPU.Build.0 = Debug|Any CPU
		{3A4964B5-814F-4A3E-A0B6-1DF85B6A8E6B}.Release|Any CPU.ActiveCfg = Release|Any CPU
		{3A4964B5-814F-4A3E-A0B6-1DF85B6A8E6B}.Release|Any CPU.Build.0 = Release|Any CPU
		{7F70CAF8-8570-44BE-A350-391D815F2876}.Debug|Any CPU.ActiveCfg = Debug|Any CPU
		{7F70CAF8-8570-44BE-A350-391D815F2876}.Debug|Any CPU.Build.0 = Debug|Any CPU
		{7F70CAF8-8570-44BE-A350-391D815F2876}.Release|Any CPU.ActiveCfg = Release|Any CPU
		{7F70CAF8-8570-44BE-A350-391D815F2876}.Release|Any CPU.Build.0 = Release|Any CPU
		{2FF1316E-A797-4CC4-BB45-261DB32BBA8A}.Debug|Any CPU.ActiveCfg = Debug|Any CPU
		{2FF1316E-A797-4CC4-BB45-261DB32BBA8A}.Debug|Any CPU.Build.0 = Debug|Any CPU
		{2FF1316E-A797-4CC4-BB45-261DB32BBA8A}.Release|Any CPU.ActiveCfg = Release|Any CPU
		{2FF1316E-A797-4CC4-BB45-261DB32BBA8A}.Release|Any CPU.Build.0 = Release|Any CPU
		{ED0F7202-232A-44BE-B59A-EA92388A6E90}.Debug|Any CPU.ActiveCfg = Debug|Any CPU
		{ED0F7202-232A-44BE-B59A-EA92388A6E90}.Debug|Any CPU.Build.0 = Debug|Any CPU
		{ED0F7202-232A-44BE-B59A-EA92388A6E90}.Release|Any CPU.ActiveCfg = Release|Any CPU
		{ED0F7202-232A-44BE-B59A-EA92388A6E90}.Release|Any CPU.Build.0 = Release|Any CPU
		{BA325819-089C-4AEB-8CC4-C15DA3312D0C}.Debug|Any CPU.ActiveCfg = Debug|Any CPU
		{BA325819-089C-4AEB-8CC4-C15DA3312D0C}.Debug|Any CPU.Build.0 = Debug|Any CPU
		{BA325819-089C-4AEB-8CC4-C15DA3312D0C}.Release|Any CPU.ActiveCfg = Release|Any CPU
		{BA325819-089C-4AEB-8CC4-C15DA3312D0C}.Release|Any CPU.Build.0 = Release|Any CPU
		{0C3E8C05-CFF1-4B75-B8F8-AA33DB2A332A}.Debug|Any CPU.ActiveCfg = Debug|Any CPU
		{0C3E8C05-CFF1-4B75-B8F8-AA33DB2A332A}.Debug|Any CPU.Build.0 = Debug|Any CPU
		{0C3E8C05-CFF1-4B75-B8F8-AA33DB2A332A}.Release|Any CPU.ActiveCfg = Release|Any CPU
		{0C3E8C05-CFF1-4B75-B8F8-AA33DB2A332A}.Release|Any CPU.Build.0 = Release|Any CPU
		{58ED575D-1D1A-4212-8E66-FB7C1214F2FB}.Debug|Any CPU.ActiveCfg = Debug|Any CPU
		{58ED575D-1D1A-4212-8E66-FB7C1214F2FB}.Debug|Any CPU.Build.0 = Debug|Any CPU
		{58ED575D-1D1A-4212-8E66-FB7C1214F2FB}.Release|Any CPU.ActiveCfg = Release|Any CPU
		{58ED575D-1D1A-4212-8E66-FB7C1214F2FB}.Release|Any CPU.Build.0 = Release|Any CPU
	EndGlobalSection
	GlobalSection(SolutionProperties) = preSolution
		HideSolutionNode = FALSE
	EndGlobalSection
	GlobalSection(ExtensibilityGlobals) = postSolution
		SolutionGuid = {18D883C0-803B-43CE-B469-34CB36222227}
	EndGlobalSection
EndGlobal
